
Microsoft Visual Studio Solution File, Format Version 12.00
# Visual Studio 15
Project("{8BC9CEB8-8B4A-11D0-8D11-00A0C91BC942}") = "3d", "3d.vcxproj", "{B629BB7E-AEB4-437E-A9CC-579EFC0481D2}"
EndProject
Project("{8BC9CEB8-8B4A-11D0-8D11-00A0C91BC942}") = "3d_multi", "3d_multi.vcxproj", "{81AF7C48-CEA0-4FF2-8E91-3F39CD2F27D2}"
EndProject
Project("{8BC9CEB8-8B4A-11D0-8D11-00A0C91BC942}") = "event_parameter", "event_parameter.vcxproj", "{FE767EC0-A723-47A6-9879-A6065A62BE5A}"
EndProject
Project("{8BC9CEB8-8B4A-11D0-8D11-00A0C91BC942}") = "load_banks", "load_banks.vcxproj", "{C605F3F7-892A-4E4F-993B-CE5EC1F55A75}"
EndProject
Project("{8BC9CEB8-8B4A-11D0-8D11-00A0C91BC942}") = "music_callbacks", "music_callbacks.vcxproj", "{E32A8E28-7F91-4E72-9433-F726A1F063FC}"
EndProject
Project("{8BC9CEB8-8B4A-11D0-8D11-00A0C91BC942}") = "objectpan", "objectpan.vcxproj", "{D6371267-EF6C-4CF0-9B16-C93A2ED9A9F1}"
EndProject
Project("{8BC9CEB8-8B4A-11D0-8D11-00A0C91BC942}") = "programmer_sound", "programmer_sound.vcxproj", "{72B7C682-CED6-4D3E-ABCC-A53565DD39EF}"
EndProject
Project("{8BC9CEB8-8B4A-11D0-8D11-00A0C91BC942}") = "recording_playback", "recording_playback.vcxproj", "{005FA83C-4B39-43BF-B518-03EF3FBF4A38}"
EndProject
Project("{8BC9CEB8-8B4A-11D0-8D11-00A0C91BC942}") = "simple_event", "simple_event.vcxproj", "{B716100D-0082-4734-B599-532033225BBB}"
EndProject
Global
	GlobalSection(SolutionConfigurationPlatforms) = preSolution
		Debug|ARM = Debug|ARM
		Debug|Win32 = Debug|Win32
		Debug|x64 = Debug|x64
		Release|ARM = Release|ARM
		Release|Win32 = Release|Win32
		Release|x64 = Release|x64
	EndGlobalSection
	GlobalSection(ProjectConfigurationPlatforms) = postSolution
		{B629BB7E-AEB4-437E-A9CC-579EFC0481D2}.Debug|ARM.ActiveCfg = Debug|ARM
		{B629BB7E-AEB4-437E-A9CC-579EFC0481D2}.Debug|ARM.Build.0 = Debug|ARM
		{B629BB7E-AEB4-437E-A9CC-579EFC0481D2}.Debug|ARM.Deploy.0 = Debug|ARM
		{B629BB7E-AEB4-437E-A9CC-579EFC0481D2}.Debug|Win32.ActiveCfg = Debug|Win32
		{B629BB7E-AEB4-437E-A9CC-579EFC0481D2}.Debug|Win32.Build.0 = Debug|Win32
		{B629BB7E-AEB4-437E-A9CC-579EFC0481D2}.Debug|Win32.Deploy.0 = Debug|Win32
		{B629BB7E-AEB4-437E-A9CC-579EFC0481D2}.Debug|x64.ActiveCfg = Debug|x64
		{B629BB7E-AEB4-437E-A9CC-579EFC0481D2}.Debug|x64.Build.0 = Debug|x64
		{B629BB7E-AEB4-437E-A9CC-579EFC0481D2}.Debug|x64.Deploy.0 = Debug|x64
		{B629BB7E-AEB4-437E-A9CC-579EFC0481D2}.Release|ARM.ActiveCfg = Release|ARM
		{B629BB7E-AEB4-437E-A9CC-579EFC0481D2}.Release|ARM.Build.0 = Release|ARM
		{B629BB7E-AEB4-437E-A9CC-579EFC0481D2}.Release|ARM.Deploy.0 = Release|ARM
		{B629BB7E-AEB4-437E-A9CC-579EFC0481D2}.Release|Win32.ActiveCfg = Release|Win32
		{B629BB7E-AEB4-437E-A9CC-579EFC0481D2}.Release|Win32.Build.0 = Release|Win32
		{B629BB7E-AEB4-437E-A9CC-579EFC0481D2}.Release|Win32.Deploy.0 = Release|Win32
		{B629BB7E-AEB4-437E-A9CC-579EFC0481D2}.Release|x64.ActiveCfg = Release|x64
		{B629BB7E-AEB4-437E-A9CC-579EFC0481D2}.Release|x64.Build.0 = Release|x64
		{B629BB7E-AEB4-437E-A9CC-579EFC0481D2}.Release|x64.Deploy.0 = Release|x64
		{81AF7C48-CEA0-4FF2-8E91-3F39CD2F27D2}.Debug|ARM.ActiveCfg = Debug|ARM
		{81AF7C48-CEA0-4FF2-8E91-3F39CD2F27D2}.Debug|ARM.Build.0 = Debug|ARM
		{81AF7C48-CEA0-4FF2-8E91-3F39CD2F27D2}.Debug|ARM.Deploy.0 = Debug|ARM
		{81AF7C48-CEA0-4FF2-8E91-3F39CD2F27D2}.Debug|Win32.ActiveCfg = Debug|Win32
		{81AF7C48-CEA0-4FF2-8E91-3F39CD2F27D2}.Debug|Win32.Build.0 = Debug|Win32
		{81AF7C48-CEA0-4FF2-8E91-3F39CD2F27D2}.Debug|Win32.Deploy.0 = Debug|Win32
		{81AF7C48-CEA0-4FF2-8E91-3F39CD2F27D2}.Debug|x64.ActiveCfg = Debug|x64
		{81AF7C48-CEA0-4FF2-8E91-3F39CD2F27D2}.Debug|x64.Build.0 = Debug|x64
		{81AF7C48-CEA0-4FF2-8E91-3F39CD2F27D2}.Debug|x64.Deploy.0 = Debug|x64
		{81AF7C48-CEA0-4FF2-8E91-3F39CD2F27D2}.Release|ARM.ActiveCfg = Release|ARM
		{81AF7C48-CEA0-4FF2-8E91-3F39CD2F27D2}.Release|ARM.Build.0 = Release|ARM
		{81AF7C48-CEA0-4FF2-8E91-3F39CD2F27D2}.Release|ARM.Deploy.0 = Release|ARM
		{81AF7C48-CEA0-4FF2-8E91-3F39CD2F27D2}.Release|Win32.ActiveCfg = Release|Win32
		{81AF7C48-CEA0-4FF2-8E91-3F39CD2F27D2}.Release|Win32.Build.0 = Release|Win32
		{81AF7C48-CEA0-4FF2-8E91-3F39CD2F27D2}.Release|Win32.Deploy.0 = Release|Win32
		{81AF7C48-CEA0-4FF2-8E91-3F39CD2F27D2}.Release|x64.ActiveCfg = Release|x64
		{81AF7C48-CEA0-4FF2-8E91-3F39CD2F27D2}.Release|x64.Build.0 = Release|x64
		{81AF7C48-CEA0-4FF2-8E91-3F39CD2F27D2}.Release|x64.Deploy.0 = Release|x64
		{FE767EC0-A723-47A6-9879-A6065A62BE5A}.Debug|ARM.ActiveCfg = Debug|ARM
		{FE767EC0-A723-47A6-9879-A6065A62BE5A}.Debug|ARM.Build.0 = Debug|ARM
		{FE767EC0-A723-47A6-9879-A6065A62BE5A}.Debug|ARM.Deploy.0 = Debug|ARM
		{FE767EC0-A723-47A6-9879-A6065A62BE5A}.Debug|Win32.ActiveCfg = Debug|Win32
		{FE767EC0-A723-47A6-9879-A6065A62BE5A}.Debug|Win32.Build.0 = Debug|Win32
		{FE767EC0-A723-47A6-9879-A6065A62BE5A}.Debug|Win32.Deploy.0 = Debug|Win32
		{FE767EC0-A723-47A6-9879-A6065A62BE5A}.Debug|x64.ActiveCfg = Debug|x64
		{FE767EC0-A723-47A6-9879-A6065A62BE5A}.Debug|x64.Build.0 = Debug|x64
		{FE767EC0-A723-47A6-9879-A6065A62BE5A}.Debug|x64.Deploy.0 = Debug|x64
		{FE767EC0-A723-47A6-9879-A6065A62BE5A}.Release|ARM.ActiveCfg = Release|ARM
		{FE767EC0-A723-47A6-9879-A6065A62BE5A}.Release|ARM.Build.0 = Release|ARM
		{FE767EC0-A723-47A6-9879-A6065A62BE5A}.Release|ARM.Deploy.0 = Release|ARM
		{FE767EC0-A723-47A6-9879-A6065A62BE5A}.Release|Win32.ActiveCfg = Release|Win32
		{FE767EC0-A723-47A6-9879-A6065A62BE5A}.Release|Win32.Build.0 = Release|Win32
		{FE767EC0-A723-47A6-9879-A6065A62BE5A}.Release|Win32.Deploy.0 = Release|Win32
		{FE767EC0-A723-47A6-9879-A6065A62BE5A}.Release|x64.ActiveCfg = Release|x64
		{FE767EC0-A723-47A6-9879-A6065A62BE5A}.Release|x64.Build.0 = Release|x64
		{FE767EC0-A723-47A6-9879-A6065A62BE5A}.Release|x64.Deploy.0 = Release|x64
		{C605F3F7-892A-4E4F-993B-CE5EC1F55A75}.Debug|ARM.ActiveCfg = Debug|ARM
		{C605F3F7-892A-4E4F-993B-CE5EC1F55A75}.Debug|ARM.Build.0 = Debug|ARM
		{C605F3F7-892A-4E4F-993B-CE5EC1F55A75}.Debug|ARM.Deploy.0 = Debug|ARM
		{C605F3F7-892A-4E4F-993B-CE5EC1F55A75}.Debug|Win32.ActiveCfg = Debug|Win32
		{C605F3F7-892A-4E4F-993B-CE5EC1F55A75}.Debug|Win32.Build.0 = Debug|Win32
		{C605F3F7-892A-4E4F-993B-CE5EC1F55A75}.Debug|Win32.Deploy.0 = Debug|Win32
		{C605F3F7-892A-4E4F-993B-CE5EC1F55A75}.Debug|x64.ActiveCfg = Debug|x64
		{C605F3F7-892A-4E4F-993B-CE5EC1F55A75}.Debug|x64.Build.0 = Debug|x64
		{C605F3F7-892A-4E4F-993B-CE5EC1F55A75}.Debug|x64.Deploy.0 = Debug|x64
		{C605F3F7-892A-4E4F-993B-CE5EC1F55A75}.Release|ARM.ActiveCfg = Release|ARM
		{C605F3F7-892A-4E4F-993B-CE5EC1F55A75}.Release|ARM.Build.0 = Release|ARM
		{C605F3F7-892A-4E4F-993B-CE5EC1F55A75}.Release|ARM.Deploy.0 = Release|ARM
		{C605F3F7-892A-4E4F-993B-CE5EC1F55A75}.Release|Win32.ActiveCfg = Release|Win32
		{C605F3F7-892A-4E4F-993B-CE5EC1F55A75}.Release|Win32.Build.0 = Release|Win32
		{C605F3F7-892A-4E4F-993B-CE5EC1F55A75}.Release|Win32.Deploy.0 = Release|Win32
		{C605F3F7-892A-4E4F-993B-CE5EC1F55A75}.Release|x64.ActiveCfg = Release|x64
		{C605F3F7-892A-4E4F-993B-CE5EC1F55A75}.Release|x64.Build.0 = Release|x64
		{C605F3F7-892A-4E4F-993B-CE5EC1F55A75}.Release|x64.Deploy.0 = Release|x64
		{E32A8E28-7F91-4E72-9433-F726A1F063FC}.Debug|ARM.ActiveCfg = Debug|ARM
		{E32A8E28-7F91-4E72-9433-F726A1F063FC}.Debug|ARM.Build.0 = Debug|ARM
		{E32A8E28-7F91-4E72-9433-F726A1F063FC}.Debug|ARM.Deploy.0 = Debug|ARM
		{E32A8E28-7F91-4E72-9433-F726A1F063FC}.Debug|Win32.ActiveCfg = Debug|Win32
		{E32A8E28-7F91-4E72-9433-F726A1F063FC}.Debug|Win32.Build.0 = Debug|Win32
		{E32A8E28-7F91-4E72-9433-F726A1F063FC}.Debug|Win32.Deploy.0 = Debug|Win32
		{E32A8E28-7F91-4E72-9433-F726A1F063FC}.Debug|x64.ActiveCfg = Debug|x64
		{E32A8E28-7F91-4E72-9433-F726A1F063FC}.Debug|x64.Build.0 = Debug|x64
		{E32A8E28-7F91-4E72-9433-F726A1F063FC}.Debug|x64.Deploy.0 = Debug|x64
		{E32A8E28-7F91-4E72-9433-F726A1F063FC}.Release|ARM.ActiveCfg = Release|ARM
		{E32A8E28-7F91-4E72-9433-F726A1F063FC}.Release|ARM.Build.0 = Release|ARM
		{E32A8E28-7F91-4E72-9433-F726A1F063FC}.Release|ARM.Deploy.0 = Release|ARM
		{E32A8E28-7F91-4E72-9433-F726A1F063FC}.Release|Win32.ActiveCfg = Release|Win32
		{E32A8E28-7F91-4E72-9433-F726A1F063FC}.Release|Win32.Build.0 = Release|Win32
		{E32A8E28-7F91-4E72-9433-F726A1F063FC}.Release|Win32.Deploy.0 = Release|Win32
		{E32A8E28-7F91-4E72-9433-F726A1F063FC}.Release|x64.ActiveCfg = Release|x64
		{E32A8E28-7F91-4E72-9433-F726A1F063FC}.Release|x64.Build.0 = Release|x64
		{E32A8E28-7F91-4E72-9433-F726A1F063FC}.Release|x64.Deploy.0 = Release|x64
		{D6371267-EF6C-4CF0-9B16-C93A2ED9A9F1}.Debug|ARM.ActiveCfg = Debug|ARM
		{D6371267-EF6C-4CF0-9B16-C93A2ED9A9F1}.Debug|ARM.Build.0 = Debug|ARM
		{D6371267-EF6C-4CF0-9B16-C93A2ED9A9F1}.Debug|ARM.Deploy.0 = Debug|ARM
		{D6371267-EF6C-4CF0-9B16-C93A2ED9A9F1}.Debug|Win32.ActiveCfg = Debug|Win32
		{D6371267-EF6C-4CF0-9B16-C93A2ED9A9F1}.Debug|Win32.Build.0 = Debug|Win32
		{D6371267-EF6C-4CF0-9B16-C93A2ED9A9F1}.Debug|Win32.Deploy.0 = Debug|Win32
		{D6371267-EF6C-4CF0-9B16-C93A2ED9A9F1}.Debug|x64.ActiveCfg = Debug|x64
		{D6371267-EF6C-4CF0-9B16-C93A2ED9A9F1}.Debug|x64.Build.0 = Debug|x64
		{D6371267-EF6C-4CF0-9B16-C93A2ED9A9F1}.Debug|x64.Deploy.0 = Debug|x64
		{D6371267-EF6C-4CF0-9B16-C93A2ED9A9F1}.Release|ARM.ActiveCfg = Release|ARM
		{D6371267-EF6C-4CF0-9B16-C93A2ED9A9F1}.Release|ARM.Build.0 = Release|ARM
		{D6371267-EF6C-4CF0-9B16-C93A2ED9A9F1}.Release|ARM.Deploy.0 = Release|ARM
		{D6371267-EF6C-4CF0-9B16-C93A2ED9A9F1}.Release|Win32.ActiveCfg = Release|Win32
		{D6371267-EF6C-4CF0-9B16-C93A2ED9A9F1}.Release|Win32.Build.0 = Release|Win32
		{D6371267-EF6C-4CF0-9B16-C93A2ED9A9F1}.Release|Win32.Deploy.0 = Release|Win32
		{D6371267-EF6C-4CF0-9B16-C93A2ED9A9F1}.Release|x64.ActiveCfg = Release|x64
		{D6371267-EF6C-4CF0-9B16-C93A2ED9A9F1}.Release|x64.Build.0 = Release|x64
		{D6371267-EF6C-4CF0-9B16-C93A2ED9A9F1}.Release|x64.Deploy.0 = Release|x64
		{72B7C682-CED6-4D3E-ABCC-A53565DD39EF}.Debug|ARM.ActiveCfg = Debug|ARM
		{72B7C682-CED6-4D3E-ABCC-A53565DD39EF}.Debug|ARM.Build.0 = Debug|ARM
		{72B7C682-CED6-4D3E-ABCC-A53565DD39EF}.Debug|ARM.Deploy.0 = Debug|ARM
		{72B7C682-CED6-4D3E-ABCC-A53565DD39EF}.Debug|Win32.ActiveCfg = Debug|Win32
		{72B7C682-CED6-4D3E-ABCC-A53565DD39EF}.Debug|Win32.Build.0 = Debug|Win32
		{72B7C682-CED6-4D3E-ABCC-A53565DD39EF}.Debug|Win32.Deploy.0 = Debug|Win32
		{72B7C682-CED6-4D3E-ABCC-A53565DD39EF}.Debug|x64.ActiveCfg = Debug|x64
		{72B7C682-CED6-4D3E-ABCC-A53565DD39EF}.Debug|x64.Build.0 = Debug|x64
		{72B7C682-CED6-4D3E-ABCC-A53565DD39EF}.Debug|x64.Deploy.0 = Debug|x64
		{72B7C682-CED6-4D3E-ABCC-A53565DD39EF}.Release|ARM.ActiveCfg = Release|ARM
		{72B7C682-CED6-4D3E-ABCC-A53565DD39EF}.Release|ARM.Build.0 = Release|ARM
		{72B7C682-CED6-4D3E-ABCC-A53565DD39EF}.Release|ARM.Deploy.0 = Release|ARM
		{72B7C682-CED6-4D3E-ABCC-A53565DD39EF}.Release|Win32.ActiveCfg = Release|Win32
		{72B7C682-CED6-4D3E-ABCC-A53565DD39EF}.Release|Win32.Build.0 = Release|Win32
		{72B7C682-CED6-4D3E-ABCC-A53565DD39EF}.Release|Win32.Deploy.0 = Release|Win32
		{72B7C682-CED6-4D3E-ABCC-A53565DD39EF}.Release|x64.ActiveCfg = Release|x64
		{72B7C682-CED6-4D3E-ABCC-A53565DD39EF}.Release|x64.Build.0 = Release|x64
		{72B7C682-CED6-4D3E-ABCC-A53565DD39EF}.Release|x64.Deploy.0 = Release|x64
		{005FA83C-4B39-43BF-B518-03EF3FBF4A38}.Debug|ARM.ActiveCfg = Debug|ARM
		{005FA83C-4B39-43BF-B518-03EF3FBF4A38}.Debug|ARM.Build.0 = Debug|ARM
		{005FA83C-4B39-43BF-B518-03EF3FBF4A38}.Debug|ARM.Deploy.0 = Debug|ARM
		{005FA83C-4B39-43BF-B518-03EF3FBF4A38}.Debug|Win32.ActiveCfg = Debug|Win32
		{005FA83C-4B39-43BF-B518-03EF3FBF4A38}.Debug|Win32.Build.0 = Debug|Win32
		{005FA83C-4B39-43BF-B518-03EF3FBF4A38}.Debug|Win32.Deploy.0 = Debug|Win32
		{005FA83C-4B39-43BF-B518-03EF3FBF4A38}.Debug|x64.ActiveCfg = Debug|x64
		{005FA83C-4B39-43BF-B518-03EF3FBF4A38}.Debug|x64.Build.0 = Debug|x64
		{005FA83C-4B39-43BF-B518-03EF3FBF4A38}.Debug|x64.Deploy.0 = Debug|x64
		{005FA83C-4B39-43BF-B518-03EF3FBF4A38}.Release|ARM.ActiveCfg = Release|ARM
		{005FA83C-4B39-43BF-B518-03EF3FBF4A38}.Release|ARM.Build.0 = Release|ARM
		{005FA83C-4B39-43BF-B518-03EF3FBF4A38}.Release|ARM.Deploy.0 = Release|ARM
		{005FA83C-4B39-43BF-B518-03EF3FBF4A38}.Release|Win32.ActiveCfg = Release|Win32
		{005FA83C-4B39-43BF-B518-03EF3FBF4A38}.Release|Win32.Build.0 = Release|Win32
		{005FA83C-4B39-43BF-B518-03EF3FBF4A38}.Release|Win32.Deploy.0 = Release|Win32
		{005FA83C-4B39-43BF-B518-03EF3FBF4A38}.Release|x64.ActiveCfg = Release|x64
		{005FA83C-4B39-43BF-B518-03EF3FBF4A38}.Release|x64.Build.0 = Release|x64
		{005FA83C-4B39-43BF-B518-03EF3FBF4A38}.Release|x64.Deploy.0 = Release|x64
		{B716100D-0082-4734-B599-532033225BBB}.Debug|ARM.ActiveCfg = Debug|ARM
		{B716100D-0082-4734-B599-532033225BBB}.Debug|ARM.Build.0 = Debug|ARM
		{B716100D-0082-4734-B599-532033225BBB}.Debug|ARM.Deploy.0 = Debug|ARM
		{B716100D-0082-4734-B599-532033225BBB}.Debug|Win32.ActiveCfg = Debug|Win32
		{B716100D-0082-4734-B599-532033225BBB}.Debug|Win32.Build.0 = Debug|Win32
		{B716100D-0082-4734-B599-532033225BBB}.Debug|Win32.Deploy.0 = Debug|Win32
		{B716100D-0082-4734-B599-532033225BBB}.Debug|x64.ActiveCfg = Debug|x64
		{B716100D-0082-4734-B599-532033225BBB}.Debug|x64.Build.0 = Debug|x64
		{B716100D-0082-4734-B599-532033225BBB}.Debug|x64.Deploy.0 = Debug|x64
		{B716100D-0082-4734-B599-532033225BBB}.Release|ARM.ActiveCfg = Release|ARM
		{B716100D-0082-4734-B599-532033225BBB}.Release|ARM.Build.0 = Release|ARM
		{B716100D-0082-4734-B599-532033225BBB}.Release|ARM.Deploy.0 = Release|ARM
		{B716100D-0082-4734-B599-532033225BBB}.Release|Win32.ActiveCfg = Release|Win32
		{B716100D-0082-4734-B599-532033225BBB}.Release|Win32.Build.0 = Release|Win32
		{B716100D-0082-4734-B599-532033225BBB}.Release|Win32.Deploy.0 = Release|Win32
		{B716100D-0082-4734-B599-532033225BBB}.Release|x64.ActiveCfg = Release|x64
		{B716100D-0082-4734-B599-532033225BBB}.Release|x64.Build.0 = Release|x64
		{B716100D-0082-4734-B599-532033225BBB}.Release|x64.Deploy.0 = Release|x64
	EndGlobalSection
	GlobalSection(SolutionProperties) = preSolution
		HideSolutionNode = FALSE
	EndGlobalSection
EndGlobal
