
Microsoft Visual Studio Solution File, Format Version 12.00
# Visual Studio 15
Project("{8BC9CEB8-8B4A-11D0-8D11-00A0C91BC942}") = "3d", "3d.vcxproj", "{C6458D00-808F-4237-920D-C5CBE26C03C5}"
EndProject
Project("{8BC9CEB8-8B4A-11D0-8D11-00A0C91BC942}") = "asyncio", "asyncio.vcxproj", "{E728105F-048D-42F6-BAC0-AE327ECB2B6B}"
EndProject
Project("{8BC9CEB8-8B4A-11D0-8D11-00A0C91BC942}") = "channel_groups", "channel_groups.vcxproj", "{55AA6A84-00ED-4779-B86F-0893576CCC1D}"
EndProject
Project("{8BC9CEB8-8B4A-11D0-8D11-00A0C91BC942}") = "convolution_reverb", "convolution_reverb.vcxproj", "{7F1DCBF6-9134-42F7-9444-A85A7BF2CA35}"
EndProject
Project("{8BC9CEB8-8B4A-11D0-8D11-00A0C91BC942}") = "dsp_custom", "dsp_custom.vcxproj", "{43F8D79C-3051-47F6-B6D2-D6A0A7906B75}"
EndProject
Project("{8BC9CEB8-8B4A-11D0-8D11-00A0C91BC942}") = "dsp_effect_per_speaker", "dsp_effect_per_speaker.vcxproj", "{A3DCA13D-8390-42FA-9A2B-63914C9371AE}"
EndProject
Project("{8BC9CEB8-8B4A-11D0-8D11-00A0C91BC942}") = "dsp_inspector", "dsp_inspector.vcxproj", "{EFCB335B-1043-4C42-81CD-3512DF2226EA}"
EndProject
Project("{8BC9CEB8-8B4A-11D0-8D11-00A0C91BC942}") = "effects", "effects.vcxproj", "{239B80FA-FA65-464B-A5D6-9869E31BB194}"
EndProject
Project("{8BC9CEB8-8B4A-11D0-8D11-00A0C91BC942}") = "gapless_playback", "gapless_playback.vcxproj", "{FAB365B5-FB6F-41E8-9E48-3C63E5EAE031}"
EndProject
Project("{8BC9CEB8-8B4A-11D0-8D11-00A0C91BC942}") = "generate_tone", "generate_tone.vcxproj", "{6755912F-7060-4ADF-BE33-6D6D0B10A285}"
EndProject
Project("{8BC9CEB8-8B4A-11D0-8D11-00A0C91BC942}") = "granular_synth", "granular_synth.vcxproj", "{A0BCEED2-90AB-404B-BA57-8229B6F1859C}"
EndProject
Project("{8BC9CEB8-8B4A-11D0-8D11-00A0C91BC942}") = "load_from_memory", "load_from_memory.vcxproj", "{E6807BA6-09AA-4195-9CE3-5140E90D3495}"
EndProject
Project("{8BC9CEB8-8B4A-11D0-8D11-00A0C91BC942}") = "multiple_speaker", "multiple_speaker.vcxproj", "{A9641F82-8155-49B4-A641-468CFB7FFEEF}"
EndProject
Project("{8BC9CEB8-8B4A-11D0-8D11-00A0C91BC942}") = "multiple_system", "multiple_system.vcxproj", "{CB04A736-42E3-4888-8AF3-9D32E1221F5C}"
EndProject
Project("{8BC9CEB8-8B4A-11D0-8D11-00A0C91BC942}") = "net_stream", "net_stream.vcxproj", "{3808BE07-B963-4F38-B6B4-48F5BE3DC826}"
EndProject
Project("{8BC9CEB8-8B4A-11D0-8D11-00A0C91BC942}") = "play_sound", "play_sound.vcxproj", "{7240AA78-FE3F-4537-BFB8-6654F529DEEA}"
EndProject
Project("{8BC9CEB8-8B4A-11D0-8D11-00A0C91BC942}") = "play_stream", "play_stream.vcxproj", "{AE27B764-05DC-4FC9-947F-D9E62A102AC6}"
EndProject
Project("{8BC9CEB8-8B4A-11D0-8D11-00A0C91BC942}") = "record", "record.vcxproj", "{E074A78B-FF3B-4515-A25B-97E03E648D5D}"
EndProject
Project("{8BC9CEB8-8B4A-11D0-8D11-00A0C91BC942}") = "record_enumeration", "record_enumeration.vcxproj", "{029F8A20-9FD4-4DDE-9641-4E9B9C2E2C49}"
EndProject
Project("{8BC9CEB8-8B4A-11D0-8D11-00A0C91BC942}") = "user_created_sound", "user_created_sound.vcxproj", "{68B7214C-74EE-429A-B383-EB07A11E62E7}"
EndProject
Project("{8BC9CEB8-8B4A-11D0-8D11-00A0C91BC942}") = "fmod_codec_raw", "fmod_codec_raw.vcxproj", "{0E1AC012-CDEE-4007-B504-21AEBF10A9D7}"
EndProject
Project("{8BC9CEB8-8B4A-11D0-8D11-00A0C91BC942}") = "fmod_distance_filter", "fmod_distance_filter.vcxproj", "{99B2D598-4979-4F40-BD5E-9C33E9EE048B}"
EndProject
Project("{8BC9CEB8-8B4A-11D0-8D11-00A0C91BC942}") = "fmod_gain", "fmod_gain.vcxproj", "{214190B9-7C6E-4D3F-84A0-96134A91B2F6}"
EndProject
Project("{8BC9CEB8-8B4A-11D0-8D11-00A0C91BC942}") = "fmod_noise", "fmod_noise.vcxproj", "{150C2CBF-AA9A-40CB-B6D9-47329701542D}"
EndProject
Project("{8BC9CEB8-8B4A-11D0-8D11-00A0C91BC942}") = "fmod_rnbo", "fmod_rnbo.vcxproj", "{5218BCCA-B64F-4B8E-A109-BDABCD3D0785}"
EndProject
Global
	GlobalSection(SolutionConfigurationPlatforms) = preSolution
		Debug|ARM = Debug|ARM
		Debug|Win32 = Debug|Win32
		Debug|x64 = Debug|x64
		Release|ARM = Release|ARM
		Release|Win32 = Release|Win32
		Release|x64 = Release|x64
	EndGlobalSection
	GlobalSection(ProjectConfigurationPlatforms) = postSolution
		{C6458D00-808F-4237-920D-C5CBE26C03C5}.Debug|ARM.ActiveCfg = Debug|ARM
		{C6458D00-808F-4237-920D-C5CBE26C03C5}.Debug|ARM.Build.0 = Debug|ARM
		{C6458D00-808F-4237-920D-C5CBE26C03C5}.Debug|ARM.Deploy.0 = Debug|ARM
		{C6458D00-808F-4237-920D-C5CBE26C03C5}.Debug|Win32.ActiveCfg = Debug|Win32
		{C6458D00-808F-4237-920D-C5CBE26C03C5}.Debug|Win32.Build.0 = Debug|Win32
		{C6458D00-808F-4237-920D-C5CBE26C03C5}.Debug|Win32.Deploy.0 = Debug|Win32
		{C6458D00-808F-4237-920D-C5CBE26C03C5}.Debug|x64.ActiveCfg = Debug|x64
		{C6458D00-808F-4237-920D-C5CBE26C03C5}.Debug|x64.Build.0 = Debug|x64
		{C6458D00-808F-4237-920D-C5CBE26C03C5}.Debug|x64.Deploy.0 = Debug|x64
		{C6458D00-808F-4237-920D-C5CBE26C03C5}.Release|ARM.ActiveCfg = Release|ARM
		{C6458D00-808F-4237-920D-C5CBE26C03C5}.Release|ARM.Build.0 = Release|ARM
		{C6458D00-808F-4237-920D-C5CBE26C03C5}.Release|ARM.Deploy.0 = Release|ARM
		{C6458D00-808F-4237-920D-C5CBE26C03C5}.Release|Win32.ActiveCfg = Release|Win32
		{C6458D00-808F-4237-920D-C5CBE26C03C5}.Release|Win32.Build.0 = Release|Win32
		{C6458D00-808F-4237-920D-C5CBE26C03C5}.Release|Win32.Deploy.0 = Release|Win32
		{C6458D00-808F-4237-920D-C5CBE26C03C5}.Release|x64.ActiveCfg = Release|x64
		{C6458D00-808F-4237-920D-C5CBE26C03C5}.Release|x64.Build.0 = Release|x64
		{C6458D00-808F-4237-920D-C5CBE26C03C5}.Release|x64.Deploy.0 = Release|x64
		{E728105F-048D-42F6-BAC0-AE327ECB2B6B}.Debug|ARM.ActiveCfg = Debug|ARM
		{E728105F-048D-42F6-BAC0-AE327ECB2B6B}.Debug|ARM.Build.0 = Debug|ARM
		{E728105F-048D-42F6-BAC0-AE327ECB2B6B}.Debug|ARM.Deploy.0 = Debug|ARM
		{E728105F-048D-42F6-BAC0-AE327ECB2B6B}.Debug|Win32.ActiveCfg = Debug|Win32
		{E728105F-048D-42F6-BAC0-AE327ECB2B6B}.Debug|Win32.Build.0 = Debug|Win32
		{E728105F-048D-42F6-BAC0-AE327ECB2B6B}.Debug|Win32.Deploy.0 = Debug|Win32
		{E728105F-048D-42F6-BAC0-AE327ECB2B6B}.Debug|x64.ActiveCfg = Debug|x64
		{E728105F-048D-42F6-BAC0-AE327ECB2B6B}.Debug|x64.Build.0 = Debug|x64
		{E728105F-048D-42F6-BAC0-AE327ECB2B6B}.Debug|x64.Deploy.0 = Debug|x64
		{E728105F-048D-42F6-BAC0-AE327ECB2B6B}.Release|ARM.ActiveCfg = Release|ARM
		{E728105F-048D-42F6-BAC0-AE327ECB2B6B}.Release|ARM.Build.0 = Release|ARM
		{E728105F-048D-42F6-BAC0-AE327ECB2B6B}.Release|ARM.Deploy.0 = Release|ARM
		{E728105F-048D-42F6-BAC0-AE327ECB2B6B}.Release|Win32.ActiveCfg = Release|Win32
		{E728105F-048D-42F6-BAC0-AE327ECB2B6B}.Release|Win32.Build.0 = Release|Win32
		{E728105F-048D-42F6-BAC0-AE327ECB2B6B}.Release|Win32.Deploy.0 = Release|Win32
		{E728105F-048D-42F6-BAC0-AE327ECB2B6B}.Release|x64.ActiveCfg = Release|x64
		{E728105F-048D-42F6-BAC0-AE327ECB2B6B}.Release|x64.Build.0 = Release|x64
		{E728105F-048D-42F6-BAC0-AE327ECB2B6B}.Release|x64.Deploy.0 = Release|x64
		{55AA6A84-00ED-4779-B86F-0893576CCC1D}.Debug|ARM.ActiveCfg = Debug|ARM
		{55AA6A84-00ED-4779-B86F-0893576CCC1D}.Debug|ARM.Build.0 = Debug|ARM
		{55AA6A84-00ED-4779-B86F-0893576CCC1D}.Debug|ARM.Deploy.0 = Debug|ARM
		{55AA6A84-00ED-4779-B86F-0893576CCC1D}.Debug|Win32.ActiveCfg = Debug|Win32
		{55AA6A84-00ED-4779-B86F-0893576CCC1D}.Debug|Win32.Build.0 = Debug|Win32
		{55AA6A84-00ED-4779-B86F-0893576CCC1D}.Debug|Win32.Deploy.0 = Debug|Win32
		{55AA6A84-00ED-4779-B86F-0893576CCC1D}.Debug|x64.ActiveCfg = Debug|x64
		{55AA6A84-00ED-4779-B86F-0893576CCC1D}.Debug|x64.Build.0 = Debug|x64
		{55AA6A84-00ED-4779-B86F-0893576CCC1D}.Debug|x64.Deploy.0 = Debug|x64
		{55AA6A84-00ED-4779-B86F-0893576CCC1D}.Release|ARM.ActiveCfg = Release|ARM
		{55AA6A84-00ED-4779-B86F-0893576CCC1D}.Release|ARM.Build.0 = Release|ARM
		{55AA6A84-00ED-4779-B86F-0893576CCC1D}.Release|ARM.Deploy.0 = Release|ARM
		{55AA6A84-00ED-4779-B86F-0893576CCC1D}.Release|Win32.ActiveCfg = Release|Win32
		{55AA6A84-00ED-4779-B86F-0893576CCC1D}.Release|Win32.Build.0 = Release|Win32
		{55AA6A84-00ED-4779-B86F-0893576CCC1D}.Release|Win32.Deploy.0 = Release|Win32
		{55AA6A84-00ED-4779-B86F-0893576CCC1D}.Release|x64.ActiveCfg = Release|x64
		{55AA6A84-00ED-4779-B86F-0893576CCC1D}.Release|x64.Build.0 = Release|x64
		{55AA6A84-00ED-4779-B86F-0893576CCC1D}.Release|x64.Deploy.0 = Release|x64
		{7F1DCBF6-9134-42F7-9444-A85A7BF2CA35}.Debug|ARM.ActiveCfg = Debug|ARM
		{7F1DCBF6-9134-42F7-9444-A85A7BF2CA35}.Debug|ARM.Build.0 = Debug|ARM
		{7F1DCBF6-9134-42F7-9444-A85A7BF2CA35}.Debug|ARM.Deploy.0 = Debug|ARM
		{7F1DCBF6-9134-42F7-9444-A85A7BF2CA35}.Debug|Win32.ActiveCfg = Debug|Win32
		{7F1DCBF6-9134-42F7-9444-A85A7BF2CA35}.Debug|Win32.Build.0 = Debug|Win32
		{7F1DCBF6-9134-42F7-9444-A85A7BF2CA35}.Debug|Win32.Deploy.0 = Debug|Win32
		{7F1DCBF6-9134-42F7-9444-A85A7BF2CA35}.Debug|x64.ActiveCfg = Debug|x64
		{7F1DCBF6-9134-42F7-9444-A85A7BF2CA35}.Debug|x64.Build.0 = Debug|x64
		{7F1DCBF6-9134-42F7-9444-A85A7BF2CA35}.Debug|x64.Deploy.0 = Debug|x64
		{7F1DCBF6-9134-42F7-9444-A85A7BF2CA35}.Release|ARM.ActiveCfg = Release|ARM
		{7F1DCBF6-9134-42F7-9444-A85A7BF2CA35}.Release|ARM.Build.0 = Release|ARM
		{7F1DCBF6-9134-42F7-9444-A85A7BF2CA35}.Release|ARM.Deploy.0 = Release|ARM
		{7F1DCBF6-9134-42F7-9444-A85A7BF2CA35}.Release|Win32.ActiveCfg = Release|Win32
		{7F1DCBF6-9134-42F7-9444-A85A7BF2CA35}.Release|Win32.Build.0 = Release|Win32
		{7F1DCBF6-9134-42F7-9444-A85A7BF2CA35}.Release|Win32.Deploy.0 = Release|Win32
		{7F1DCBF6-9134-42F7-9444-A85A7BF2CA35}.Release|x64.ActiveCfg = Release|x64
		{7F1DCBF6-9134-42F7-9444-A85A7BF2CA35}.Release|x64.Build.0 = Release|x64
		{7F1DCBF6-9134-42F7-9444-A85A7BF2CA35}.Release|x64.Deploy.0 = Release|x64
		{43F8D79C-3051-47F6-B6D2-D6A0A7906B75}.Debug|ARM.ActiveCfg = Debug|ARM
		{43F8D79C-3051-47F6-B6D2-D6A0A7906B75}.Debug|ARM.Build.0 = Debug|ARM
		{43F8D79C-3051-47F6-B6D2-D6A0A7906B75}.Debug|ARM.Deploy.0 = Debug|ARM
		{43F8D79C-3051-47F6-B6D2-D6A0A7906B75}.Debug|Win32.ActiveCfg = Debug|Win32
		{43F8D79C-3051-47F6-B6D2-D6A0A7906B75}.Debug|Win32.Build.0 = Debug|Win32
		{43F8D79C-3051-47F6-B6D2-D6A0A7906B75}.Debug|Win32.Deploy.0 = Debug|Win32
		{43F8D79C-3051-47F6-B6D2-D6A0A7906B75}.Debug|x64.ActiveCfg = Debug|x64
		{43F8D79C-3051-47F6-B6D2-D6A0A7906B75}.Debug|x64.Build.0 = Debug|x64
		{43F8D79C-3051-47F6-B6D2-D6A0A7906B75}.Debug|x64.Deploy.0 = Debug|x64
		{43F8D79C-3051-47F6-B6D2-D6A0A7906B75}.Release|ARM.ActiveCfg = Release|ARM
		{43F8D79C-3051-47F6-B6D2-D6A0A7906B75}.Release|ARM.Build.0 = Release|ARM
		{43F8D79C-3051-47F6-B6D2-D6A0A7906B75}.Release|ARM.Deploy.0 = Release|ARM
		{43F8D79C-3051-47F6-B6D2-D6A0A7906B75}.Release|Win32.ActiveCfg = Release|Win32
		{43F8D79C-3051-47F6-B6D2-D6A0A7906B75}.Release|Win32.Build.0 = Release|Win32
		{43F8D79C-3051-47F6-B6D2-D6A0A7906B75}.Release|Win32.Deploy.0 = Release|Win32
		{43F8D79C-3051-47F6-B6D2-D6A0A7906B75}.Release|x64.ActiveCfg = Release|x64
		{43F8D79C-3051-47F6-B6D2-D6A0A7906B75}.Release|x64.Build.0 = Release|x64
		{43F8D79C-3051-47F6-B6D2-D6A0A7906B75}.Release|x64.Deploy.0 = Release|x64
		{A3DCA13D-8390-42FA-9A2B-63914C9371AE}.Debug|ARM.ActiveCfg = Debug|ARM
		{A3DCA13D-8390-42FA-9A2B-63914C9371AE}.Debug|ARM.Build.0 = Debug|ARM
		{A3DCA13D-8390-42FA-9A2B-63914C9371AE}.Debug|ARM.Deploy.0 = Debug|ARM
		{A3DCA13D-8390-42FA-9A2B-63914C9371AE}.Debug|Win32.ActiveCfg = Debug|Win32
		{A3DCA13D-8390-42FA-9A2B-63914C9371AE}.Debug|Win32.Build.0 = Debug|Win32
		{A3DCA13D-8390-42FA-9A2B-63914C9371AE}.Debug|Win32.Deploy.0 = Debug|Win32
		{A3DCA13D-8390-42FA-9A2B-63914C9371AE}.Debug|x64.ActiveCfg = Debug|x64
		{A3DCA13D-8390-42FA-9A2B-63914C9371AE}.Debug|x64.Build.0 = Debug|x64
		{A3DCA13D-8390-42FA-9A2B-63914C9371AE}.Debug|x64.Deploy.0 = Debug|x64
		{A3DCA13D-8390-42FA-9A2B-63914C9371AE}.Release|ARM.ActiveCfg = Release|ARM
		{A3DCA13D-8390-42FA-9A2B-63914C9371AE}.Release|ARM.Build.0 = Release|ARM
		{A3DCA13D-8390-42FA-9A2B-63914C9371AE}.Release|ARM.Deploy.0 = Release|ARM
		{A3DCA13D-8390-42FA-9A2B-63914C9371AE}.Release|Win32.ActiveCfg = Release|Win32
		{A3DCA13D-8390-42FA-9A2B-63914C9371AE}.Release|Win32.Build.0 = Release|Win32
		{A3DCA13D-8390-42FA-9A2B-63914C9371AE}.Release|Win32.Deploy.0 = Release|Win32
		{A3DCA13D-8390-42FA-9A2B-63914C9371AE}.Release|x64.ActiveCfg = Release|x64
		{A3DCA13D-8390-42FA-9A2B-63914C9371AE}.Release|x64.Build.0 = Release|x64
		{A3DCA13D-8390-42FA-9A2B-63914C9371AE}.Release|x64.Deploy.0 = Release|x64
		{EFCB335B-1043-4C42-81CD-3512DF2226EA}.Debug|ARM.ActiveCfg = Debug|ARM
		{EFCB335B-1043-4C42-81CD-3512DF2226EA}.Debug|ARM.Build.0 = Debug|ARM
		{EFCB335B-1043-4C42-81CD-3512DF2226EA}.Debug|ARM.Deploy.0 = Debug|ARM
		{EFCB335B-1043-4C42-81CD-3512DF2226EA}.Debug|Win32.ActiveCfg = Debug|Win32
		{EFCB335B-1043-4C42-81CD-3512DF2226EA}.Debug|Win32.Build.0 = Debug|Win32
		{EFCB335B-1043-4C42-81CD-3512DF2226EA}.Debug|Win32.Deploy.0 = Debug|Win32
		{EFCB335B-1043-4C42-81CD-3512DF2226EA}.Debug|x64.ActiveCfg = Debug|x64
		{EFCB335B-1043-4C42-81CD-3512DF2226EA}.Debug|x64.Build.0 = Debug|x64
		{EFCB335B-1043-4C42-81CD-3512DF2226EA}.Debug|x64.Deploy.0 = Debug|x64
		{EFCB335B-1043-4C42-81CD-3512DF2226EA}.Release|ARM.ActiveCfg = Release|ARM
		{EFCB335B-1043-4C42-81CD-3512DF2226EA}.Release|ARM.Build.0 = Release|ARM
		{EFCB335B-1043-4C42-81CD-3512DF2226EA}.Release|ARM.Deploy.0 = Release|ARM
		{EFCB335B-1043-4C42-81CD-3512DF2226EA}.Release|Win32.ActiveCfg = Release|Win32
		{EFCB335B-1043-4C42-81CD-3512DF2226EA}.Release|Win32.Build.0 = Release|Win32
		{EFCB335B-1043-4C42-81CD-3512DF2226EA}.Release|Win32.Deploy.0 = Release|Win32
		{EFCB335B-1043-4C42-81CD-3512DF2226EA}.Release|x64.ActiveCfg = Release|x64
		{EFCB335B-1043-4C42-81CD-3512DF2226EA}.Release|x64.Build.0 = Release|x64
		{EFCB335B-1043-4C42-81CD-3512DF2226EA}.Release|x64.Deploy.0 = Release|x64
		{239B80FA-FA65-464B-A5D6-9869E31BB194}.Debug|ARM.ActiveCfg = Debug|ARM
		{239B80FA-FA65-464B-A5D6-9869E31BB194}.Debug|ARM.Build.0 = Debug|ARM
		{239B80FA-FA65-464B-A5D6-9869E31BB194}.Debug|ARM.Deploy.0 = Debug|ARM
		{239B80FA-FA65-464B-A5D6-9869E31BB194}.Debug|Win32.ActiveCfg = Debug|Win32
		{239B80FA-FA65-464B-A5D6-9869E31BB194}.Debug|Win32.Build.0 = Debug|Win32
		{239B80FA-FA65-464B-A5D6-9869E31BB194}.Debug|Win32.Deploy.0 = Debug|Win32
		{239B80FA-FA65-464B-A5D6-9869E31BB194}.Debug|x64.ActiveCfg = Debug|x64
		{239B80FA-FA65-464B-A5D6-9869E31BB194}.Debug|x64.Build.0 = Debug|x64
		{239B80FA-FA65-464B-A5D6-9869E31BB194}.Debug|x64.Deploy.0 = Debug|x64
		{239B80FA-FA65-464B-A5D6-9869E31BB194}.Release|ARM.ActiveCfg = Release|ARM
		{239B80FA-FA65-464B-A5D6-9869E31BB194}.Release|ARM.Build.0 = Release|ARM
		{239B80FA-FA65-464B-A5D6-9869E31BB194}.Release|ARM.Deploy.0 = Release|ARM
		{239B80FA-FA65-464B-A5D6-9869E31BB194}.Release|Win32.ActiveCfg = Release|Win32
		{239B80FA-FA65-464B-A5D6-9869E31BB194}.Release|Win32.Build.0 = Release|Win32
		{239B80FA-FA65-464B-A5D6-9869E31BB194}.Release|Win32.Deploy.0 = Release|Win32
		{239B80FA-FA65-464B-A5D6-9869E31BB194}.Release|x64.ActiveCfg = Release|x64
		{239B80FA-FA65-464B-A5D6-9869E31BB194}.Release|x64.Build.0 = Release|x64
		{239B80FA-FA65-464B-A5D6-9869E31BB194}.Release|x64.Deploy.0 = Release|x64
		{FAB365B5-FB6F-41E8-9E48-3C63E5EAE031}.Debug|ARM.ActiveCfg = Debug|ARM
		{FAB365B5-FB6F-41E8-9E48-3C63E5EAE031}.Debug|ARM.Build.0 = Debug|ARM
		{FAB365B5-FB6F-41E8-9E48-3C63E5EAE031}.Debug|ARM.Deploy.0 = Debug|ARM
		{FAB365B5-FB6F-41E8-9E48-3C63E5EAE031}.Debug|Win32.ActiveCfg = Debug|Win32
		{FAB365B5-FB6F-41E8-9E48-3C63E5EAE031}.Debug|Win32.Build.0 = Debug|Win32
		{FAB365B5-FB6F-41E8-9E48-3C63E5EAE031}.Debug|Win32.Deploy.0 = Debug|Win32
		{FAB365B5-FB6F-41E8-9E48-3C63E5EAE031}.Debug|x64.ActiveCfg = Debug|x64
		{FAB365B5-FB6F-41E8-9E48-3C63E5EAE031}.Debug|x64.Build.0 = Debug|x64
		{FAB365B5-FB6F-41E8-9E48-3C63E5EAE031}.Debug|x64.Deploy.0 = Debug|x64
		{FAB365B5-FB6F-41E8-9E48-3C63E5EAE031}.Release|ARM.ActiveCfg = Release|ARM
		{FAB365B5-FB6F-41E8-9E48-3C63E5EAE031}.Release|ARM.Build.0 = Release|ARM
		{FAB365B5-FB6F-41E8-9E48-3C63E5EAE031}.Release|ARM.Deploy.0 = Release|ARM
		{FAB365B5-FB6F-41E8-9E48-3C63E5EAE031}.Release|Win32.ActiveCfg = Release|Win32
		{FAB365B5-FB6F-41E8-9E48-3C63E5EAE031}.Release|Win32.Build.0 = Release|Win32
		{FAB365B5-FB6F-41E8-9E48-3C63E5EAE031}.Release|Win32.Deploy.0 = Release|Win32
		{FAB365B5-FB6F-41E8-9E48-3C63E5EAE031}.Release|x64.ActiveCfg = Release|x64
		{FAB365B5-FB6F-41E8-9E48-3C63E5EAE031}.Release|x64.Build.0 = Release|x64
		{FAB365B5-FB6F-41E8-9E48-3C63E5EAE031}.Release|x64.Deploy.0 = Release|x64
		{6755912F-7060-4ADF-BE33-6D6D0B10A285}.Debug|ARM.ActiveCfg = Debug|ARM
		{6755912F-7060-4ADF-BE33-6D6D0B10A285}.Debug|ARM.Build.0 = Debug|ARM
		{6755912F-7060-4ADF-BE33-6D6D0B10A285}.Debug|ARM.Deploy.0 = Debug|ARM
		{6755912F-7060-4ADF-BE33-6D6D0B10A285}.Debug|Win32.ActiveCfg = Debug|Win32
		{6755912F-7060-4ADF-BE33-6D6D0B10A285}.Debug|Win32.Build.0 = Debug|Win32
		{6755912F-7060-4ADF-BE33-6D6D0B10A285}.Debug|Win32.Deploy.0 = Debug|Win32
		{6755912F-7060-4ADF-BE33-6D6D0B10A285}.Debug|x64.ActiveCfg = Debug|x64
		{6755912F-7060-4ADF-BE33-6D6D0B10A285}.Debug|x64.Build.0 = Debug|x64
		{6755912F-7060-4ADF-BE33-6D6D0B10A285}.Debug|x64.Deploy.0 = Debug|x64
		{6755912F-7060-4ADF-BE33-6D6D0B10A285}.Release|ARM.ActiveCfg = Release|ARM
		{6755912F-7060-4ADF-BE33-6D6D0B10A285}.Release|ARM.Build.0 = Release|ARM
		{6755912F-7060-4ADF-BE33-6D6D0B10A285}.Release|ARM.Deploy.0 = Release|ARM
		{6755912F-7060-4ADF-BE33-6D6D0B10A285}.Release|Win32.ActiveCfg = Release|Win32
		{6755912F-7060-4ADF-BE33-6D6D0B10A285}.Release|Win32.Build.0 = Release|Win32
		{6755912F-7060-4ADF-BE33-6D6D0B10A285}.Release|Win32.Deploy.0 = Release|Win32
		{6755912F-7060-4ADF-BE33-6D6D0B10A285}.Release|x64.ActiveCfg = Release|x64
		{6755912F-7060-4ADF-BE33-6D6D0B10A285}.Release|x64.Build.0 = Release|x64
		{6755912F-7060-4ADF-BE33-6D6D0B10A285}.Release|x64.Deploy.0 = Release|x64
		{A0BCEED2-90AB-404B-BA57-8229B6F1859C}.Debug|ARM.ActiveCfg = Debug|ARM
		{A0BCEED2-90AB-404B-BA57-8229B6F1859C}.Debug|ARM.Build.0 = Debug|ARM
		{A0BCEED2-90AB-404B-BA57-8229B6F1859C}.Debug|ARM.Deploy.0 = Debug|ARM
		{A0BCEED2-90AB-404B-BA57-8229B6F1859C}.Debug|Win32.ActiveCfg = Debug|Win32
		{A0BCEED2-90AB-404B-BA57-8229B6F1859C}.Debug|Win32.Build.0 = Debug|Win32
		{A0BCEED2-90AB-404B-BA57-8229B6F1859C}.Debug|Win32.Deploy.0 = Debug|Win32
		{A0BCEED2-90AB-404B-BA57-8229B6F1859C}.Debug|x64.ActiveCfg = Debug|x64
		{A0BCEED2-90AB-404B-BA57-8229B6F1859C}.Debug|x64.Build.0 = Debug|x64
		{A0BCEED2-90AB-404B-BA57-8229B6F1859C}.Debug|x64.Deploy.0 = Debug|x64
		{A0BCEED2-90AB-404B-BA57-8229B6F1859C}.Release|ARM.ActiveCfg = Release|ARM
		{A0BCEED2-90AB-404B-BA57-8229B6F1859C}.Release|ARM.Build.0 = Release|ARM
		{A0BCEED2-90AB-404B-BA57-8229B6F1859C}.Release|ARM.Deploy.0 = Release|ARM
		{A0BCEED2-90AB-404B-BA57-8229B6F1859C}.Release|Win32.ActiveCfg = Release|Win32
		{A0BCEED2-90AB-404B-BA57-8229B6F1859C}.Release|Win32.Build.0 = Release|Win32
		{A0BCEED2-90AB-404B-BA57-8229B6F1859C}.Release|Win32.Deploy.0 = Release|Win32
		{A0BCEED2-90AB-404B-BA57-8229B6F1859C}.Release|x64.ActiveCfg = Release|x64
		{A0BCEED2-90AB-404B-BA57-8229B6F1859C}.Release|x64.Build.0 = Release|x64
		{A0BCEED2-90AB-404B-BA57-8229B6F1859C}.Release|x64.Deploy.0 = Release|x64
		{E6807BA6-09AA-4195-9CE3-5140E90D3495}.Debug|ARM.ActiveCfg = Debug|ARM
		{E6807BA6-09AA-4195-9CE3-5140E90D3495}.Debug|ARM.Build.0 = Debug|ARM
		{E6807BA6-09AA-4195-9CE3-5140E90D3495}.Debug|ARM.Deploy.0 = Debug|ARM
		{E6807BA6-09AA-4195-9CE3-5140E90D3495}.Debug|Win32.ActiveCfg = Debug|Win32
		{E6807BA6-09AA-4195-9CE3-5140E90D3495}.Debug|Win32.Build.0 = Debug|Win32
		{E6807BA6-09AA-4195-9CE3-5140E90D3495}.Debug|Win32.Deploy.0 = Debug|Win32
		{E6807BA6-09AA-4195-9CE3-5140E90D3495}.Debug|x64.ActiveCfg = Debug|x64
		{E6807BA6-09AA-4195-9CE3-5140E90D3495}.Debug|x64.Build.0 = Debug|x64
		{E6807BA6-09AA-4195-9CE3-5140E90D3495}.Debug|x64.Deploy.0 = Debug|x64
		{E6807BA6-09AA-4195-9CE3-5140E90D3495}.Release|ARM.ActiveCfg = Release|ARM
		{E6807BA6-09AA-4195-9CE3-5140E90D3495}.Release|ARM.Build.0 = Release|ARM
		{E6807BA6-09AA-4195-9CE3-5140E90D3495}.Release|ARM.Deploy.0 = Release|ARM
		{E6807BA6-09AA-4195-9CE3-5140E90D3495}.Release|Win32.ActiveCfg = Release|Win32
		{E6807BA6-09AA-4195-9CE3-5140E90D3495}.Release|Win32.Build.0 = Release|Win32
		{E6807BA6-09AA-4195-9CE3-5140E90D3495}.Release|Win32.Deploy.0 = Release|Win32
		{E6807BA6-09AA-4195-9CE3-5140E90D3495}.Release|x64.ActiveCfg = Release|x64
		{E6807BA6-09AA-4195-9CE3-5140E90D3495}.Release|x64.Build.0 = Release|x64
		{E6807BA6-09AA-4195-9CE3-5140E90D3495}.Release|x64.Deploy.0 = Release|x64
		{A9641F82-8155-49B4-A641-468CFB7FFEEF}.Debug|ARM.ActiveCfg = Debug|ARM
		{A9641F82-8155-49B4-A641-468CFB7FFEEF}.Debug|ARM.Build.0 = Debug|ARM
		{A9641F82-8155-49B4-A641-468CFB7FFEEF}.Debug|ARM.Deploy.0 = Debug|ARM
		{A9641F82-8155-49B4-A641-468CFB7FFEEF}.Debug|Win32.ActiveCfg = Debug|Win32
		{A9641F82-8155-49B4-A641-468CFB7FFEEF}.Debug|Win32.Build.0 = Debug|Win32
		{A9641F82-8155-49B4-A641-468CFB7FFEEF}.Debug|Win32.Deploy.0 = Debug|Win32
		{A9641F82-8155-49B4-A641-468CFB7FFEEF}.Debug|x64.ActiveCfg = Debug|x64
		{A9641F82-8155-49B4-A641-468CFB7FFEEF}.Debug|x64.Build.0 = Debug|x64
		{A9641F82-8155-49B4-A641-468CFB7FFEEF}.Debug|x64.Deploy.0 = Debug|x64
		{A9641F82-8155-49B4-A641-468CFB7FFEEF}.Release|ARM.ActiveCfg = Release|ARM
		{A9641F82-8155-49B4-A641-468CFB7FFEEF}.Release|ARM.Build.0 = Release|ARM
		{A9641F82-8155-49B4-A641-468CFB7FFEEF}.Release|ARM.Deploy.0 = Release|ARM
		{A9641F82-8155-49B4-A641-468CFB7FFEEF}.Release|Win32.ActiveCfg = Release|Win32
		{A9641F82-8155-49B4-A641-468CFB7FFEEF}.Release|Win32.Build.0 = Release|Win32
		{A9641F82-8155-49B4-A641-468CFB7FFEEF}.Release|Win32.Deploy.0 = Release|Win32
		{A9641F82-8155-49B4-A641-468CFB7FFEEF}.Release|x64.ActiveCfg = Release|x64
		{A9641F82-8155-49B4-A641-468CFB7FFEEF}.Release|x64.Build.0 = Release|x64
		{A9641F82-8155-49B4-A641-468CFB7FFEEF}.Release|x64.Deploy.0 = Release|x64
		{CB04A736-42E3-4888-8AF3-9D32E1221F5C}.Debug|ARM.ActiveCfg = Debug|ARM
		{CB04A736-42E3-4888-8AF3-9D32E1221F5C}.Debug|ARM.Build.0 = Debug|ARM
		{CB04A736-42E3-4888-8AF3-9D32E1221F5C}.Debug|ARM.Deploy.0 = Debug|ARM
		{CB04A736-42E3-4888-8AF3-9D32E1221F5C}.Debug|Win32.ActiveCfg = Debug|Win32
		{CB04A736-42E3-4888-8AF3-9D32E1221F5C}.Debug|Win32.Build.0 = Debug|Win32
		{CB04A736-42E3-4888-8AF3-9D32E1221F5C}.Debug|Win32.Deploy.0 = Debug|Win32
		{CB04A736-42E3-4888-8AF3-9D32E1221F5C}.Debug|x64.ActiveCfg = Debug|x64
		{CB04A736-42E3-4888-8AF3-9D32E1221F5C}.Debug|x64.Build.0 = Debug|x64
		{CB04A736-42E3-4888-8AF3-9D32E1221F5C}.Debug|x64.Deploy.0 = Debug|x64
		{CB04A736-42E3-4888-8AF3-9D32E1221F5C}.Release|ARM.ActiveCfg = Release|ARM
		{CB04A736-42E3-4888-8AF3-9D32E1221F5C}.Release|ARM.Build.0 = Release|ARM
		{CB04A736-42E3-4888-8AF3-9D32E1221F5C}.Release|ARM.Deploy.0 = Release|ARM
		{CB04A736-42E3-4888-8AF3-9D32E1221F5C}.Release|Win32.ActiveCfg = Release|Win32
		{CB04A736-42E3-4888-8AF3-9D32E1221F5C}.Release|Win32.Build.0 = Release|Win32
		{CB04A736-42E3-4888-8AF3-9D32E1221F5C}.Release|Win32.Deploy.0 = Release|Win32
		{CB04A736-42E3-4888-8AF3-9D32E1221F5C}.Release|x64.ActiveCfg = Release|x64
		{CB04A736-42E3-4888-8AF3-9D32E1221F5C}.Release|x64.Build.0 = Release|x64
		{CB04A736-42E3-4888-8AF3-9D32E1221F5C}.Release|x64.Deploy.0 = Release|x64
		{3808BE07-B963-4F38-B6B4-48F5BE3DC826}.Debug|ARM.ActiveCfg = Debug|ARM
		{3808BE07-B963-4F38-B6B4-48F5BE3DC826}.Debug|ARM.Build.0 = Debug|ARM
		{3808BE07-B963-4F38-B6B4-48F5BE3DC826}.Debug|ARM.Deploy.0 = Debug|ARM
		{3808BE07-B963-4F38-B6B4-48F5BE3DC826}.Debug|Win32.ActiveCfg = Debug|Win32
		{3808BE07-B963-4F38-B6B4-48F5BE3DC826}.Debug|Win32.Build.0 = Debug|Win32
		{3808BE07-B963-4F38-B6B4-48F5BE3DC826}.Debug|Win32.Deploy.0 = Debug|Win32
		{3808BE07-B963-4F38-B6B4-48F5BE3DC826}.Debug|x64.ActiveCfg = Debug|x64
		{3808BE07-B963-4F38-B6B4-48F5BE3DC826}.Debug|x64.Build.0 = Debug|x64
		{3808BE07-B963-4F38-B6B4-48F5BE3DC826}.Debug|x64.Deploy.0 = Debug|x64
		{3808BE07-B963-4F38-B6B4-48F5BE3DC826}.Release|ARM.ActiveCfg = Release|ARM
		{3808BE07-B963-4F38-B6B4-48F5BE3DC826}.Release|ARM.Build.0 = Release|ARM
		{3808BE07-B963-4F38-B6B4-48F5BE3DC826}.Release|ARM.Deploy.0 = Release|ARM
		{3808BE07-B963-4F38-B6B4-48F5BE3DC826}.Release|Win32.ActiveCfg = Release|Win32
		{3808BE07-B963-4F38-B6B4-48F5BE3DC826}.Release|Win32.Build.0 = Release|Win32
		{3808BE07-B963-4F38-B6B4-48F5BE3DC826}.Release|Win32.Deploy.0 = Release|Win32
		{3808BE07-B963-4F38-B6B4-48F5BE3DC826}.Release|x64.ActiveCfg = Release|x64
		{3808BE07-B963-4F38-B6B4-48F5BE3DC826}.Release|x64.Build.0 = Release|x64
		{3808BE07-B963-4F38-B6B4-48F5BE3DC826}.Release|x64.Deploy.0 = Release|x64
		{7240AA78-FE3F-4537-BFB8-6654F529DEEA}.Debug|ARM.ActiveCfg = Debug|ARM
		{7240AA78-FE3F-4537-BFB8-6654F529DEEA}.Debug|ARM.Build.0 = Debug|ARM
		{7240AA78-FE3F-4537-BFB8-6654F529DEEA}.Debug|ARM.Deploy.0 = Debug|ARM
		{7240AA78-FE3F-4537-BFB8-6654F529DEEA}.Debug|Win32.ActiveCfg = Debug|Win32
		{7240AA78-FE3F-4537-BFB8-6654F529DEEA}.Debug|Win32.Build.0 = Debug|Win32
		{7240AA78-FE3F-4537-BFB8-6654F529DEEA}.Debug|Win32.Deploy.0 = Debug|Win32
		{7240AA78-FE3F-4537-BFB8-6654F529DEEA}.Debug|x64.ActiveCfg = Debug|x64
		{7240AA78-FE3F-4537-BFB8-6654F529DEEA}.Debug|x64.Build.0 = Debug|x64
		{7240AA78-FE3F-4537-BFB8-6654F529DEEA}.Debug|x64.Deploy.0 = Debug|x64
		{7240AA78-FE3F-4537-BFB8-6654F529DEEA}.Release|ARM.ActiveCfg = Release|ARM
		{7240AA78-FE3F-4537-BFB8-6654F529DEEA}.Release|ARM.Build.0 = Release|ARM
		{7240AA78-FE3F-4537-BFB8-6654F529DEEA}.Release|ARM.Deploy.0 = Release|ARM
		{7240AA78-FE3F-4537-BFB8-6654F529DEEA}.Release|Win32.ActiveCfg = Release|Win32
		{7240AA78-FE3F-4537-BFB8-6654F529DEEA}.Release|Win32.Build.0 = Release|Win32
		{7240AA78-FE3F-4537-BFB8-6654F529DEEA}.Release|Win32.Deploy.0 = Release|Win32
		{7240AA78-FE3F-4537-BFB8-6654F529DEEA}.Release|x64.ActiveCfg = Release|x64
		{7240AA78-FE3F-4537-BFB8-6654F529DEEA}.Release|x64.Build.0 = Release|x64
		{7240AA78-FE3F-4537-BFB8-6654F529DEEA}.Release|x64.Deploy.0 = Release|x64
		{AE27B764-05DC-4FC9-947F-D9E62A102AC6}.Debug|ARM.ActiveCfg = Debug|ARM
		{AE27B764-05DC-4FC9-947F-D9E62A102AC6}.Debug|ARM.Build.0 = Debug|ARM
		{AE27B764-05DC-4FC9-947F-D9E62A102AC6}.Debug|ARM.Deploy.0 = Debug|ARM
		{AE27B764-05DC-4FC9-947F-D9E62A102AC6}.Debug|Win32.ActiveCfg = Debug|Win32
		{AE27B764-05DC-4FC9-947F-D9E62A102AC6}.Debug|Win32.Build.0 = Debug|Win32
		{AE27B764-05DC-4FC9-947F-D9E62A102AC6}.Debug|Win32.Deploy.0 = Debug|Win32
		{AE27B764-05DC-4FC9-947F-D9E62A102AC6}.Debug|x64.ActiveCfg = Debug|x64
		{AE27B764-05DC-4FC9-947F-D9E62A102AC6}.Debug|x64.Build.0 = Debug|x64
		{AE27B764-05DC-4FC9-947F-D9E62A102AC6}.Debug|x64.Deploy.0 = Debug|x64
		{AE27B764-05DC-4FC9-947F-D9E62A102AC6}.Release|ARM.ActiveCfg = Release|ARM
		{AE27B764-05DC-4FC9-947F-D9E62A102AC6}.Release|ARM.Build.0 = Release|ARM
		{AE27B764-05DC-4FC9-947F-D9E62A102AC6}.Release|ARM.Deploy.0 = Release|ARM
		{AE27B764-05DC-4FC9-947F-D9E62A102AC6}.Release|Win32.ActiveCfg = Release|Win32
		{AE27B764-05DC-4FC9-947F-D9E62A102AC6}.Release|Win32.Build.0 = Release|Win32
		{AE27B764-05DC-4FC9-947F-D9E62A102AC6}.Release|Win32.Deploy.0 = Release|Win32
		{AE27B764-05DC-4FC9-947F-D9E62A102AC6}.Release|x64.ActiveCfg = Release|x64
		{AE27B764-05DC-4FC9-947F-D9E62A102AC6}.Release|x64.Build.0 = Release|x64
		{AE27B764-05DC-4FC9-947F-D9E62A102AC6}.Release|x64.Deploy.0 = Release|x64
		{E074A78B-FF3B-4515-A25B-97E03E648D5D}.Debug|ARM.ActiveCfg = Debug|ARM
		{E074A78B-FF3B-4515-A25B-97E03E648D5D}.Debug|ARM.Build.0 = Debug|ARM
		{E074A78B-FF3B-4515-A25B-97E03E648D5D}.Debug|ARM.Deploy.0 = Debug|ARM
		{E074A78B-FF3B-4515-A25B-97E03E648D5D}.Debug|Win32.ActiveCfg = Debug|Win32
		{E074A78B-FF3B-4515-A25B-97E03E648D5D}.Debug|Win32.Build.0 = Debug|Win32
		{E074A78B-FF3B-4515-A25B-97E03E648D5D}.Debug|Win32.Deploy.0 = Debug|Win32
		{E074A78B-FF3B-4515-A25B-97E03E648D5D}.Debug|x64.ActiveCfg = Debug|x64
		{E074A78B-FF3B-4515-A25B-97E03E648D5D}.Debug|x64.Build.0 = Debug|x64
		{E074A78B-FF3B-4515-A25B-97E03E648D5D}.Debug|x64.Deploy.0 = Debug|x64
		{E074A78B-FF3B-4515-A25B-97E03E648D5D}.Release|ARM.ActiveCfg = Release|ARM
		{E074A78B-FF3B-4515-A25B-97E03E648D5D}.Release|ARM.Build.0 = Release|ARM
		{E074A78B-FF3B-4515-A25B-97E03E648D5D}.Release|ARM.Deploy.0 = Release|ARM
		{E074A78B-FF3B-4515-A25B-97E03E648D5D}.Release|Win32.ActiveCfg = Release|Win32
		{E074A78B-FF3B-4515-A25B-97E03E648D5D}.Release|Win32.Build.0 = Release|Win32
		{E074A78B-FF3B-4515-A25B-97E03E648D5D}.Release|Win32.Deploy.0 = Release|Win32
		{E074A78B-FF3B-4515-A25B-97E03E648D5D}.Release|x64.ActiveCfg = Release|x64
		{E074A78B-FF3B-4515-A25B-97E03E648D5D}.Release|x64.Build.0 = Release|x64
		{E074A78B-FF3B-4515-A25B-97E03E648D5D}.Release|x64.Deploy.0 = Release|x64
		{029F8A20-9FD4-4DDE-9641-4E9B9C2E2C49}.Debug|ARM.ActiveCfg = Debug|ARM
		{029F8A20-9FD4-4DDE-9641-4E9B9C2E2C49}.Debug|ARM.Build.0 = Debug|ARM
		{029F8A20-9FD4-4DDE-9641-4E9B9C2E2C49}.Debug|ARM.Deploy.0 = Debug|ARM
		{029F8A20-9FD4-4DDE-9641-4E9B9C2E2C49}.Debug|Win32.ActiveCfg = Debug|Win32
		{029F8A20-9FD4-4DDE-9641-4E9B9C2E2C49}.Debug|Win32.Build.0 = Debug|Win32
		{029F8A20-9FD4-4DDE-9641-4E9B9C2E2C49}.Debug|Win32.Deploy.0 = Debug|Win32
		{029F8A20-9FD4-4DDE-9641-4E9B9C2E2C49}.Debug|x64.ActiveCfg = Debug|x64
		{029F8A20-9FD4-4DDE-9641-4E9B9C2E2C49}.Debug|x64.Build.0 = Debug|x64
		{029F8A20-9FD4-4DDE-9641-4E9B9C2E2C49}.Debug|x64.Deploy.0 = Debug|x64
		{029F8A20-9FD4-4DDE-9641-4E9B9C2E2C49}.Release|ARM.ActiveCfg = Release|ARM
		{029F8A20-9FD4-4DDE-9641-4E9B9C2E2C49}.Release|ARM.Build.0 = Release|ARM
		{029F8A20-9FD4-4DDE-9641-4E9B9C2E2C49}.Release|ARM.Deploy.0 = Release|ARM
		{029F8A20-9FD4-4DDE-9641-4E9B9C2E2C49}.Release|Win32.ActiveCfg = Release|Win32
		{029F8A20-9FD4-4DDE-9641-4E9B9C2E2C49}.Release|Win32.Build.0 = Release|Win32
		{029F8A20-9FD4-4DDE-9641-4E9B9C2E2C49}.Release|Win32.Deploy.0 = Release|Win32
		{029F8A20-9FD4-4DDE-9641-4E9B9C2E2C49}.Release|x64.ActiveCfg = Release|x64
		{029F8A20-9FD4-4DDE-9641-4E9B9C2E2C49}.Release|x64.Build.0 = Release|x64
		{029F8A20-9FD4-4DDE-9641-4E9B9C2E2C49}.Release|x64.Deploy.0 = Release|x64
		{68B7214C-74EE-429A-B383-EB07A11E62E7}.Debug|ARM.ActiveCfg = Debug|ARM
		{68B7214C-74EE-429A-B383-EB07A11E62E7}.Debug|ARM.Build.0 = Debug|ARM
		{68B7214C-74EE-429A-B383-EB07A11E62E7}.Debug|ARM.Deploy.0 = Debug|ARM
		{68B7214C-74EE-429A-B383-EB07A11E62E7}.Debug|Win32.ActiveCfg = Debug|Win32
		{68B7214C-74EE-429A-B383-EB07A11E62E7}.Debug|Win32.Build.0 = Debug|Win32
		{68B7214C-74EE-429A-B383-EB07A11E62E7}.Debug|Win32.Deploy.0 = Debug|Win32
		{68B7214C-74EE-429A-B383-EB07A11E62E7}.Debug|x64.ActiveCfg = Debug|x64
		{68B7214C-74EE-429A-B383-EB07A11E62E7}.Debug|x64.Build.0 = Debug|x64
		{68B7214C-74EE-429A-B383-EB07A11E62E7}.Debug|x64.Deploy.0 = Debug|x64
		{68B7214C-74EE-429A-B383-EB07A11E62E7}.Release|ARM.ActiveCfg = Release|ARM
		{68B7214C-74EE-429A-B383-EB07A11E62E7}.Release|ARM.Build.0 = Release|ARM
		{68B7214C-74EE-429A-B383-EB07A11E62E7}.Release|ARM.Deploy.0 = Release|ARM
		{68B7214C-74EE-429A-B383-EB07A11E62E7}.Release|Win32.ActiveCfg = Release|Win32
		{68B7214C-74EE-429A-B383-EB07A11E62E7}.Release|Win32.Build.0 = Release|Win32
		{68B7214C-74EE-429A-B383-EB07A11E62E7}.Release|Win32.Deploy.0 = Release|Win32
		{68B7214C-74EE-429A-B383-EB07A11E62E7}.Release|x64.ActiveCfg = Release|x64
		{68B7214C-74EE-429A-B383-EB07A11E62E7}.Release|x64.Build.0 = Release|x64
		{68B7214C-74EE-429A-B383-EB07A11E62E7}.Release|x64.Deploy.0 = Release|x64
		{0E1AC012-CDEE-4007-B504-21AEBF10A9D7}.Debug|ARM.ActiveCfg = Debug|ARM
		{0E1AC012-CDEE-4007-B504-21AEBF10A9D7}.Debug|ARM.Build.0 = Debug|ARM
		{0E1AC012-CDEE-4007-B504-21AEBF10A9D7}.Debug|ARM.Deploy.0 = Debug|ARM
		{0E1AC012-CDEE-4007-B504-21AEBF10A9D7}.Debug|Win32.ActiveCfg = Debug|Win32
		{0E1AC012-CDEE-4007-B504-21AEBF10A9D7}.Debug|Win32.Build.0 = Debug|Win32
		{0E1AC012-CDEE-4007-B504-21AEBF10A9D7}.Debug|Win32.Deploy.0 = Debug|Win32
		{0E1AC012-CDEE-4007-B504-21AEBF10A9D7}.Debug|x64.ActiveCfg = Debug|x64
		{0E1AC012-CDEE-4007-B504-21AEBF10A9D7}.Debug|x64.Build.0 = Debug|x64
		{0E1AC012-CDEE-4007-B504-21AEBF10A9D7}.Debug|x64.Deploy.0 = Debug|x64
		{0E1AC012-CDEE-4007-B504-21AEBF10A9D7}.Release|ARM.ActiveCfg = Release|ARM
		{0E1AC012-CDEE-4007-B504-21AEBF10A9D7}.Release|ARM.Build.0 = Release|ARM
		{0E1AC012-CDEE-4007-B504-21AEBF10A9D7}.Release|ARM.Deploy.0 = Release|ARM
		{0E1AC012-CDEE-4007-B504-21AEBF10A9D7}.Release|Win32.ActiveCfg = Release|Win32
		{0E1AC012-CDEE-4007-B504-21AEBF10A9D7}.Release|Win32.Build.0 = Release|Win32
		{0E1AC012-CDEE-4007-B504-21AEBF10A9D7}.Release|Win32.Deploy.0 = Release|Win32
		{0E1AC012-CDEE-4007-B504-21AEBF10A9D7}.Release|x64.ActiveCfg = Release|x64
		{0E1AC012-CDEE-4007-B504-21AEBF10A9D7}.Release|x64.Build.0 = Release|x64
		{0E1AC012-CDEE-4007-B504-21AEBF10A9D7}.Release|x64.Deploy.0 = Release|x64
		{99B2D598-4979-4F40-BD5E-9C33E9EE048B}.Debug|ARM.ActiveCfg = Debug|ARM
		{99B2D598-4979-4F40-BD5E-9C33E9EE048B}.Debug|ARM.Build.0 = Debug|ARM
		{99B2D598-4979-4F40-BD5E-9C33E9EE048B}.Debug|ARM.Deploy.0 = Debug|ARM
		{99B2D598-4979-4F40-BD5E-9C33E9EE048B}.Debug|Win32.ActiveCfg = Debug|Win32
		{99B2D598-4979-4F40-BD5E-9C33E9EE048B}.Debug|Win32.Build.0 = Debug|Win32
		{99B2D598-4979-4F40-BD5E-9C33E9EE048B}.Debug|Win32.Deploy.0 = Debug|Win32
		{99B2D598-4979-4F40-BD5E-9C33E9EE048B}.Debug|x64.ActiveCfg = Debug|x64
		{99B2D598-4979-4F40-BD5E-9C33E9EE048B}.Debug|x64.Build.0 = Debug|x64
		{99B2D598-4979-4F40-BD5E-9C33E9EE048B}.Debug|x64.Deploy.0 = Debug|x64
		{99B2D598-4979-4F40-BD5E-9C33E9EE048B}.Release|ARM.ActiveCfg = Release|ARM
		{99B2D598-4979-4F40-BD5E-9C33E9EE048B}.Release|ARM.Build.0 = Release|ARM
		{99B2D598-4979-4F40-BD5E-9C33E9EE048B}.Release|ARM.Deploy.0 = Release|ARM
		{99B2D598-4979-4F40-BD5E-9C33E9EE048B}.Release|Win32.ActiveCfg = Release|Win32
		{99B2D598-4979-4F40-BD5E-9C33E9EE048B}.Release|Win32.Build.0 = Release|Win32
		{99B2D598-4979-4F40-BD5E-9C33E9EE048B}.Release|Win32.Deploy.0 = Release|Win32
		{99B2D598-4979-4F40-BD5E-9C33E9EE048B}.Release|x64.ActiveCfg = Release|x64
		{99B2D598-4979-4F40-BD5E-9C33E9EE048B}.Release|x64.Build.0 = Release|x64
		{99B2D598-4979-4F40-BD5E-9C33E9EE048B}.Release|x64.Deploy.0 = Release|x64
		{214190B9-7C6E-4D3F-84A0-96134A91B2F6}.Debug|ARM.ActiveCfg = Debug|ARM
		{214190B9-7C6E-4D3F-84A0-96134A91B2F6}.Debug|ARM.Build.0 = Debug|ARM
		{214190B9-7C6E-4D3F-84A0-96134A91B2F6}.Debug|ARM.Deploy.0 = Debug|ARM
		{214190B9-7C6E-4D3F-84A0-96134A91B2F6}.Debug|Win32.ActiveCfg = Debug|Win32
		{214190B9-7C6E-4D3F-84A0-96134A91B2F6}.Debug|Win32.Build.0 = Debug|Win32
		{214190B9-7C6E-4D3F-84A0-96134A91B2F6}.Debug|Win32.Deploy.0 = Debug|Win32
		{214190B9-7C6E-4D3F-84A0-96134A91B2F6}.Debug|x64.ActiveCfg = Debug|x64
		{214190B9-7C6E-4D3F-84A0-96134A91B2F6}.Debug|x64.Build.0 = Debug|x64
		{214190B9-7C6E-4D3F-84A0-96134A91B2F6}.Debug|x64.Deploy.0 = Debug|x64
		{214190B9-7C6E-4D3F-84A0-96134A91B2F6}.Release|ARM.ActiveCfg = Release|ARM
		{214190B9-7C6E-4D3F-84A0-96134A91B2F6}.Release|ARM.Build.0 = Release|ARM
		{214190B9-7C6E-4D3F-84A0-96134A91B2F6}.Release|ARM.Deploy.0 = Release|ARM
		{214190B9-7C6E-4D3F-84A0-96134A91B2F6}.Release|Win32.ActiveCfg = Release|Win32
		{214190B9-7C6E-4D3F-84A0-96134A91B2F6}.Release|Win32.Build.0 = Release|Win32
		{214190B9-7C6E-4D3F-84A0-96134A91B2F6}.Release|Win32.Deploy.0 = Release|Win32
		{214190B9-7C6E-4D3F-84A0-96134A91B2F6}.Release|x64.ActiveCfg = Release|x64
		{214190B9-7C6E-4D3F-84A0-96134A91B2F6}.Release|x64.Build.0 = Release|x64
		{214190B9-7C6E-4D3F-84A0-96134A91B2F6}.Release|x64.Deploy.0 = Release|x64
		{150C2CBF-AA9A-40CB-B6D9-47329701542D}.Debug|ARM.ActiveCfg = Debug|ARM
		{150C2CBF-AA9A-40CB-B6D9-47329701542D}.Debug|ARM.Build.0 = Debug|ARM
		{150C2CBF-AA9A-40CB-B6D9-47329701542D}.Debug|ARM.Deploy.0 = Debug|ARM
		{150C2CBF-AA9A-40CB-B6D9-47329701542D}.Debug|Win32.ActiveCfg = Debug|Win32
		{150C2CBF-AA9A-40CB-B6D9-47329701542D}.Debug|Win32.Build.0 = Debug|Win32
		{150C2CBF-AA9A-40CB-B6D9-47329701542D}.Debug|Win32.Deploy.0 = Debug|Win32
		{150C2CBF-AA9A-40CB-B6D9-47329701542D}.Debug|x64.ActiveCfg = Debug|x64
		{150C2CBF-AA9A-40CB-B6D9-47329701542D}.Debug|x64.Build.0 = Debug|x64
		{150C2CBF-AA9A-40CB-B6D9-47329701542D}.Debug|x64.Deploy.0 = Debug|x64
		{150C2CBF-AA9A-40CB-B6D9-47329701542D}.Release|ARM.ActiveCfg = Release|ARM
		{150C2CBF-AA9A-40CB-B6D9-47329701542D}.Release|ARM.Build.0 = Release|ARM
		{150C2CBF-AA9A-40CB-B6D9-47329701542D}.Release|ARM.Deploy.0 = Release|ARM
		{150C2CBF-AA9A-40CB-B6D9-47329701542D}.Release|Win32.ActiveCfg = Release|Win32
		{150C2CBF-AA9A-40CB-B6D9-47329701542D}.Release|Win32.Build.0 = Release|Win32
		{150C2CBF-AA9A-40CB-B6D9-47329701542D}.Release|Win32.Deploy.0 = Release|Win32
		{150C2CBF-AA9A-40CB-B6D9-47329701542D}.Release|x64.ActiveCfg = Release|x64
		{150C2CBF-AA9A-40CB-B6D9-47329701542D}.Release|x64.Build.0 = Release|x64
		{150C2CBF-AA9A-40CB-B6D9-47329701542D}.Release|x64.Deploy.0 = Release|x64
		{5218BCCA-B64F-4B8E-A109-BDABCD3D0785}.Debug|ARM.ActiveCfg = Debug|ARM
		{5218BCCA-B64F-4B8E-A109-BDABCD3D0785}.Debug|ARM.Build.0 = Debug|ARM
		{5218BCCA-B64F-4B8E-A109-BDABCD3D0785}.Debug|ARM.Deploy.0 = Debug|ARM
		{5218BCCA-B64F-4B8E-A109-BDABCD3D0785}.Debug|Win32.ActiveCfg = Debug|Win32
		{5218BCCA-B64F-4B8E-A109-BDABCD3D0785}.Debug|Win32.Build.0 = Debug|Win32
		{5218BCCA-B64F-4B8E-A109-BDABCD3D0785}.Debug|Win32.Deploy.0 = Debug|Win32
		{5218BCCA-B64F-4B8E-A109-BDABCD3D0785}.Debug|x64.ActiveCfg = Debug|x64
		{5218BCCA-B64F-4B8E-A109-BDABCD3D0785}.Debug|x64.Build.0 = Debug|x64
		{5218BCCA-B64F-4B8E-A109-BDABCD3D0785}.Debug|x64.Deploy.0 = Debug|x64
		{5218BCCA-B64F-4B8E-A109-BDABCD3D0785}.Release|ARM.ActiveCfg = Release|ARM
		{5218BCCA-B64F-4B8E-A109-BDABCD3D0785}.Release|ARM.Build.0 = Release|ARM
		{5218BCCA-B64F-4B8E-A109-BDABCD3D0785}.Release|ARM.Deploy.0 = Release|ARM
		{5218BCCA-B64F-4B8E-A109-BDABCD3D0785}.Release|Win32.ActiveCfg = Release|Win32
		{5218BCCA-B64F-4B8E-A109-BDABCD3D0785}.Release|Win32.Build.0 = Release|Win32
		{5218BCCA-B64F-4B8E-A109-BDABCD3D0785}.Release|Win32.Deploy.0 = Release|Win32
		{5218BCCA-B64F-4B8E-A109-BDABCD3D0785}.Release|x64.ActiveCfg = Release|x64
		{5218BCCA-B64F-4B8E-A109-BDABCD3D0785}.Release|x64.Build.0 = Release|x64
		{5218BCCA-B64F-4B8E-A109-BDABCD3D0785}.Release|x64.Deploy.0 = Release|x64
	EndGlobalSection
	GlobalSection(SolutionProperties) = preSolution
		HideSolutionNode = FALSE
	EndGlobalSection
EndGlobal
